
Microsoft Visual Studio Solution File, Format Version 12.00
# Visual Studio Version 17
VisualStudioVersion = 17.9.34723.18
MinimumVisualStudioVersion = 10.0.40219.1
Project("{E24C65DC-7377-472B-9ABA-BC803B73C61A}") = "StudyPaws", ".", "{617F73D1-EC1F-48CD-832E-94D813FDC82A}"
	ProjectSection(WebsiteProperties) = preProject
		TargetFrameworkMoniker = ".NETFramework,Version%3Dv4.8"
		Debug.AspNetCompiler.VirtualPath = "/localhost_60920"
		Debug.AspNetCompiler.PhysicalPath = "..\StudyPaws\"
		Debug.AspNetCompiler.TargetPath = "PrecompiledWeb\localhost_60920\"
		Debug.AspNetCompiler.Updateable = "true"
		Debug.AspNetCompiler.ForceOverwrite = "true"
		Debug.AspNetCompiler.FixedNames = "false"
		Debug.AspNetCompiler.Debug = "True"
		Release.AspNetCompiler.VirtualPath = "/localhost_60920"
		Release.AspNetCompiler.PhysicalPath = "..\StudyPaws\"
		Release.AspNetCompiler.TargetPath = "PrecompiledWeb\localhost_60920\"
		Release.AspNetCompiler.Updateable = "true"
		Release.AspNetCompiler.ForceOverwrite = "true"
		Release.AspNetCompiler.FixedNames = "false"
		Release.AspNetCompiler.Debug = "False"
		VWDPort = "60920"
		SlnRelativePath = "..\StudyPaws\"
	EndProjectSection
EndProject
Global
	GlobalSection(SolutionConfigurationPlatforms) = preSolution
		Debug|Any CPU = Debug|Any CPU
	EndGlobalSection
	GlobalSection(ProjectConfigurationPlatforms) = postSolution
		{617F73D1-EC1F-48CD-832E-94D813FDC82A}.Debug|Any CPU.ActiveCfg = Debug|Any CPU
		{617F73D1-EC1F-48CD-832E-94D813FDC82A}.Debug|Any CPU.Build.0 = Debug|Any CPU
	EndGlobalSection
	GlobalSection(SolutionProperties) = preSolution
		HideSolutionNode = FALSE
	EndGlobalSection
	GlobalSection(ExtensibilityGlobals) = postSolution
		SolutionGuid = {B8A3AD40-614C-4047-BFE2-976C886D2B14}
	EndGlobalSection
EndGlobal
